
Microsoft Visual Studio Solution File, Format Version 12.00
# Visual Studio 15
VisualStudioVersion = 15.0.28307.168
MinimumVisualStudioVersion = 10.0.40219.1
Project("{FAE04EC0-301F-11D3-BF4B-00C04F79EFBC}") = "Altkom.CSharp.Models", "Altkom.CSharp.Models\Altkom.CSharp.Models.csproj", "{44AC6BEB-B9B9-4977-A748-54A074E98B3C}"
EndProject
Project("{FAE04EC0-301F-11D3-BF4B-00C04F79EFBC}") = "Altkom.CSharp.ConsoleClient", "Altkom.CSharp.ConsoleClient\Altkom.CSharp.ConsoleClient.csproj", "{F7E3B196-D6C2-47FC-82BF-A0ED73B5ADE8}"
EndProject
Project("{FAE04EC0-301F-11D3-BF4B-00C04F79EFBC}") = "Altkom.CSharp.IServices", "Altkom.CSharp.IServices\Altkom.CSharp.IServices.csproj", "{2BB79A7E-DBA8-43B1-AD52-68E077595CFA}"
EndProject
Project("{FAE04EC0-301F-11D3-BF4B-00C04F79EFBC}") = "Altkom.CSharp.FakeServices", "Altkom.CSharp.FakeServices\Altkom.CSharp.FakeServices.csproj", "{BD42FC7E-CEE1-4585-AE18-A156971B0263}"
EndProject
Project("{FAE04EC0-301F-11D3-BF4B-00C04F79EFBC}") = "Altkom.CSharp.DbServices", "Altkom.CSharp.DbServices\Altkom.CSharp.DbServices.csproj", "{D49A9282-B6D0-41C3-88B7-46A10F0E4D13}"
EndProject
Project("{FAE04EC0-301F-11D3-BF4B-00C04F79EFBC}") = "Altkom.CSharp.EFServices", "Altkom.CSharp.EFServices\Altkom.CSharp.EFServices.csproj", "{521C6476-9127-4B6C-A967-9327AE1FFF81}"
EndProject
Global
	GlobalSection(SolutionConfigurationPlatforms) = preSolution
		Debug|Any CPU = Debug|Any CPU
		Release|Any CPU = Release|Any CPU
	EndGlobalSection
	GlobalSection(ProjectConfigurationPlatforms) = postSolution
		{44AC6BEB-B9B9-4977-A748-54A074E98B3C}.Debug|Any CPU.ActiveCfg = Debug|Any CPU
		{44AC6BEB-B9B9-4977-A748-54A074E98B3C}.Debug|Any CPU.Build.0 = Debug|Any CPU
		{44AC6BEB-B9B9-4977-A748-54A074E98B3C}.Release|Any CPU.ActiveCfg = Release|Any CPU
		{44AC6BEB-B9B9-4977-A748-54A074E98B3C}.Release|Any CPU.Build.0 = Release|Any CPU
		{F7E3B196-D6C2-47FC-82BF-A0ED73B5ADE8}.Debug|Any CPU.ActiveCfg = Debug|Any CPU
		{F7E3B196-D6C2-47FC-82BF-A0ED73B5ADE8}.Debug|Any CPU.Build.0 = Debug|Any CPU
		{F7E3B196-D6C2-47FC-82BF-A0ED73B5ADE8}.Release|Any CPU.ActiveCfg = Release|Any CPU
		{F7E3B196-D6C2-47FC-82BF-A0ED73B5ADE8}.Release|Any CPU.Build.0 = Release|Any CPU
		{2BB79A7E-DBA8-43B1-AD52-68E077595CFA}.Debug|Any CPU.ActiveCfg = Debug|Any CPU
		{2BB79A7E-DBA8-43B1-AD52-68E077595CFA}.Debug|Any CPU.Build.0 = Debug|Any CPU
		{2BB79A7E-DBA8-43B1-AD52-68E077595CFA}.Release|Any CPU.ActiveCfg = Release|Any CPU
		{2BB79A7E-DBA8-43B1-AD52-68E077595CFA}.Release|Any CPU.Build.0 = Release|Any CPU
		{BD42FC7E-CEE1-4585-AE18-A156971B0263}.Debug|Any CPU.ActiveCfg = Debug|Any CPU
		{BD42FC7E-CEE1-4585-AE18-A156971B0263}.Debug|Any CPU.Build.0 = Debug|Any CPU
		{BD42FC7E-CEE1-4585-AE18-A156971B0263}.Release|Any CPU.ActiveCfg = Release|Any CPU
		{BD42FC7E-CEE1-4585-AE18-A156971B0263}.Release|Any CPU.Build.0 = Release|Any CPU
		{D49A9282-B6D0-41C3-88B7-46A10F0E4D13}.Debug|Any CPU.ActiveCfg = Debug|Any CPU
		{D49A9282-B6D0-41C3-88B7-46A10F0E4D13}.Debug|Any CPU.Build.0 = Debug|Any CPU
		{D49A9282-B6D0-41C3-88B7-46A10F0E4D13}.Release|Any CPU.ActiveCfg = Release|Any CPU
		{D49A9282-B6D0-41C3-88B7-46A10F0E4D13}.Release|Any CPU.Build.0 = Release|Any CPU
		{521C6476-9127-4B6C-A967-9327AE1FFF81}.Debug|Any CPU.ActiveCfg = Debug|Any CPU
		{521C6476-9127-4B6C-A967-9327AE1FFF81}.Debug|Any CPU.Build.0 = Debug|Any CPU
		{521C6476-9127-4B6C-A967-9327AE1FFF81}.Release|Any CPU.ActiveCfg = Release|Any CPU
		{521C6476-9127-4B6C-A967-9327AE1FFF81}.Release|Any CPU.Build.0 = Release|Any CPU
	EndGlobalSection
	GlobalSection(SolutionProperties) = preSolution
		HideSolutionNode = FALSE
	EndGlobalSection
	GlobalSection(ExtensibilityGlobals) = postSolution
		SolutionGuid = {0DA217CD-D8DB-41F5-92EB-E650F3B8AF38}
	EndGlobalSection
EndGlobal
